
Microsoft Visual Studio Solution File, Format Version 12.00
# Visual Studio Version 17
VisualStudioVersion = 17.3.32825.248
MinimumVisualStudioVersion = 10.0.40219.1
Project("{FAE04EC0-301F-11D3-BF4B-00C04F79EFBC}") = "CalculatorForChildren", "CalculatorForChildren\CalculatorForChildren.csproj", "{39C6D98B-B696-4EBC-AC80-31B1A086F712}"
EndProject
Global
	GlobalSection(SolutionConfigurationPlatforms) = preSolution
		Debug|Any CPU = Debug|Any CPU
		Release|Any CPU = Release|Any CPU
	EndGlobalSection
	GlobalSection(ProjectConfigurationPlatforms) = postSolution
		{39C6D98B-B696-4EBC-AC80-31B1A086F712}.Debug|Any CPU.ActiveCfg = Debug|Any CPU
		{39C6D98B-B696-4EBC-AC80-31B1A086F712}.Debug|Any CPU.Build.0 = Debug|Any CPU
		{39C6D98B-B696-4EBC-AC80-31B1A086F712}.Release|Any CPU.ActiveCfg = Release|Any CPU
		{39C6D98B-B696-4EBC-AC80-31B1A086F712}.Release|Any CPU.Build.0 = Release|Any CPU
	EndGlobalSection
	GlobalSection(SolutionProperties) = preSolution
		HideSolutionNode = FALSE
	EndGlobalSection
	GlobalSection(ExtensibilityGlobals) = postSolution
		SolutionGuid = {3259917B-7D18-4E4D-932E-921A7FC21217}
	EndGlobalSection
EndGlobal
